{
  "requires": true,
  "lockfileVersion": 1,
  "dependencies": {
    "@angular/common": {
      "version": "10.2.0",
      "resolved": "https://registry.npmjs.org/@angular/common/-/common-10.2.0.tgz",
      "integrity": "sha512-4q7cb6Z18R1nQ8dN8uj6cckuk4jzY40lF7kpxf/wja0pQBUBtWwExwXsdHTVWGZ/mgQv9a5dTAPQq8/tSmf+hw==",
      "requires": {
        "tslib": "^2.0.0"
      }
    },
    "@angular/core": {
      "version": "10.2.0",
      "resolved": "https://registry.npmjs.org/@angular/core/-/core-10.2.0.tgz",
      "integrity": "sha512-pj+0cIDHMfeTFFrxbxM1qanSqhnA3ybCYMQm+Fs/WAPlLSvB6s/vVhq6tCdicHzd7/fujGXPcb8Hvtx+km8TqQ==",
      "requires": {
        "tslib": "^2.0.0"
      }
    },
    "rxjs": {
      "version": "6.6.3",
      "resolved": "https://registry.npmjs.org/rxjs/-/rxjs-6.6.3.tgz",
      "integrity": "sha512-trsQc+xYYXZ3urjOiJOuCOa5N3jAZ3eiSpQB5hIT8zGlL2QfnHLJ2r7GMkBGuIausdJN1OneaI6gQlsqNHHmZQ==",
      "requires": {
        "tslib": "^1.9.0"
      },
      "dependencies": {
        "tslib": {
          "version": "1.14.1",
          "resolved": "https://registry.npmjs.org/tslib/-/tslib-1.14.1.tgz",
          "integrity": "sha512-Xni35NKzjgMrwevysHTCArtLDpPvye8zV/0E4EyYn43P7/7qvQwPh9BGkHewbMulVntbigmcT7rdX3BNo9wRJg=="
        }
      }
    },
    "tslib": {
      "version": "2.0.3",
      "resolved": "https://registry.npmjs.org/tslib/-/tslib-2.0.3.tgz",
      "integrity": "sha512-uZtkfKblCEQtZKBF6EBXVZeQNl82yqtDQdv+eck8u7tdPxjLu2/lp5/uPW+um2tpuxINHWy3GhiccY7QgEaVHQ=="
    }
  }
}
